
Microsoft Visual Studio Solution File, Format Version 12.00
# Visual Studio Version 16
VisualStudioVersion = 16.0.29728.190
MinimumVisualStudioVersion = 10.0.40219.1
Project("{FAE04EC0-301F-11D3-BF4B-00C04F79EFBC}") = "clr_tcp_txt", "clr_tcp_txt\clr_tcp_txt.csproj", "{813E272C-4A0D-48A2-9F50-31C4DA560A71}"
EndProject
Project("{00D1A9C2-B5F0-4AF3-8072-F6C62B433612}") = "clr_tcp", "clr_tcp\clr_tcp.sqlproj", "{95E8350A-8436-424F-8AD5-B083E155A891}"
EndProject
Global
	GlobalSection(SolutionConfigurationPlatforms) = preSolution
		Debug|Any CPU = Debug|Any CPU
		Release|Any CPU = Release|Any CPU
	EndGlobalSection
	GlobalSection(ProjectConfigurationPlatforms) = postSolution
		{813E272C-4A0D-48A2-9F50-31C4DA560A71}.Debug|Any CPU.ActiveCfg = Debug|Any CPU
		{813E272C-4A0D-48A2-9F50-31C4DA560A71}.Debug|Any CPU.Build.0 = Debug|Any CPU
		{813E272C-4A0D-48A2-9F50-31C4DA560A71}.Release|Any CPU.ActiveCfg = Release|Any CPU
		{813E272C-4A0D-48A2-9F50-31C4DA560A71}.Release|Any CPU.Build.0 = Release|Any CPU
		{95E8350A-8436-424F-8AD5-B083E155A891}.Debug|Any CPU.ActiveCfg = Debug|Any CPU
		{95E8350A-8436-424F-8AD5-B083E155A891}.Debug|Any CPU.Build.0 = Debug|Any CPU
		{95E8350A-8436-424F-8AD5-B083E155A891}.Debug|Any CPU.Deploy.0 = Debug|Any CPU
		{95E8350A-8436-424F-8AD5-B083E155A891}.Release|Any CPU.ActiveCfg = Release|Any CPU
		{95E8350A-8436-424F-8AD5-B083E155A891}.Release|Any CPU.Build.0 = Release|Any CPU
		{95E8350A-8436-424F-8AD5-B083E155A891}.Release|Any CPU.Deploy.0 = Release|Any CPU
	EndGlobalSection
	GlobalSection(SolutionProperties) = preSolution
		HideSolutionNode = FALSE
	EndGlobalSection
	GlobalSection(ExtensibilityGlobals) = postSolution
		SolutionGuid = {BD060BAF-61C0-416D-A7DB-AB213CC4314D}
	EndGlobalSection
EndGlobal
